{
  "name": "@zhangt58/svelte-vtable",
  "version": "0.3.2",
  "lockfileVersion": 3,
  "requires": true,
  "packages": {
    "": {
      "name": "@zhangt58/svelte-vtable",
      "version": "0.3.2",
      "license": "MIT",
      "devDependencies": {
        "@sveltejs/package": "^2.5.7",
        "@sveltejs/vite-plugin-svelte": "^6.2.1",
        "flowbite-svelte": "^1.28.1",
        "prettier": "^3.7.4",
        "prettier-plugin-svelte": "^3.4.1",
        "svelte": "^5.0.0",
        "svelte-check": "^4.3.4",
        "svelte-virtuallists": "^1.4.2",
        "vite": "^7.2.2",
        "vitest": "^2.1.9"
      },
      "peerDependencies": {
        "svelte": "^5.43.5",
        "svelte-virtuallists": "^1.4.2",
        "tailwindcss": "^4.1.17"
      }
    },
    "node_modules/@esbuild/linux-x64": {
      "version": "0.27.1",
      "cpu": [
        "x64"
      ],
      "dev": true,
      "license": "MIT",
      "optional": true,
      "os": [
        "linux"
      ],
      "engines": {
        "node": ">=18"
      }
    },
    "node_modules/@eslint/js": {
      "version": "9.39.2",
      "dev": true,
      "license": "MIT",
      "engines": {
        "node": "^18.18.0 || ^20.9.0 || >=21.1.0"
      },
      "funding": {
        "url": "https://eslint.org/donate"
      }
    },
    "node_modules/@floating-ui/core": {
      "version": "1.7.3",
      "dev": true,
      "license": "MIT",
      "dependencies": {
        "@floating-ui/utils": "^0.2.10"
      }
    },
    "node_modules/@floating-ui/dom": {
      "version": "1.7.4",
      "dev": true,
      "license": "MIT",
      "dependencies": {
        "@floating-ui/core": "^1.7.3",
        "@floating-ui/utils": "^0.2.10"
      }
    },
    "node_modules/@floating-ui/utils": {
      "version": "0.2.10",
      "dev": true,
      "license": "MIT"
    },
    "node_modules/@jridgewell/gen-mapping": {
      "version": "0.3.13",
      "dev": true,
      "license": "MIT",
      "dependencies": {
        "@jridgewell/sourcemap-codec": "^1.5.0",
        "@jridgewell/trace-mapping": "^0.3.24"
      }
    },
    "node_modules/@jridgewell/remapping": {
      "version": "2.3.5",
      "dev": true,
      "license": "MIT",
      "dependencies": {
        "@jridgewell/gen-mapping": "^0.3.5",
        "@jridgewell/trace-mapping": "^0.3.24"
      }
    },
    "node_modules/@jridgewell/resolve-uri": {
      "version": "3.1.2",
      "dev": true,
      "license": "MIT",
      "engines": {
        "node": ">=6.0.0"
      }
    },
    "node_modules/@jridgewell/sourcemap-codec": {
      "version": "1.5.5",
      "dev": true,
      "license": "MIT"
    },
    "node_modules/@jridgewell/trace-mapping": {
      "version": "0.3.31",
      "dev": true,
      "license": "MIT",
      "dependencies": {
        "@jridgewell/resolve-uri": "^3.1.0",
        "@jridgewell/sourcemap-codec": "^1.4.14"
      }
    },
    "node_modules/@popperjs/core": {
      "version": "2.11.8",
      "dev": true,
      "license": "MIT",
      "funding": {
        "type": "opencollective",
        "url": "https://opencollective.com/popperjs"
      }
    },
    "node_modules/@rollup/plugin-node-resolve": {
      "version": "15.3.1",
      "dev": true,
      "license": "MIT",
      "dependencies": {
        "@rollup/pluginutils": "^5.0.1",
        "@types/resolve": "1.20.2",
        "deepmerge": "^4.2.2",
        "is-module": "^1.0.0",
        "resolve": "^1.22.1"
      },
      "engines": {
        "node": ">=14.0.0"
      },
      "peerDependencies": {
        "rollup": "^2.78.0||^3.0.0||^4.0.0"
      },
      "peerDependenciesMeta": {
        "rollup": {
          "optional": true
        }
      }
    },
    "node_modules/@rollup/pluginutils": {
      "version": "5.3.0",
      "dev": true,
      "license": "MIT",
      "dependencies": {
        "@types/estree": "^1.0.0",
        "estree-walker": "^2.0.2",
        "picomatch": "^4.0.2"
      },
      "engines": {
        "node": ">=14.0.0"
      },
      "peerDependencies": {
        "rollup": "^1.20.0||^2.0.0||^3.0.0||^4.0.0"
      },
      "peerDependenciesMeta": {
        "rollup": {
          "optional": true
        }
      }
    },
    "node_modules/@rollup/rollup-linux-x64-gnu": {
      "version": "4.60.2",
      "cpu": [
        "x64"
      ],
      "dev": true,
      "license": "MIT",
      "optional": true,
      "os": [
        "linux"
      ]
    },
    "node_modules/@rollup/rollup-linux-x64-musl": {
      "version": "4.60.2",
      "cpu": [
        "x64"
      ],
      "dev": true,
      "license": "MIT",
      "optional": true,
      "os": [
        "linux"
      ]
    },
    "node_modules/@sveltejs/acorn-typescript": {
      "version": "1.0.8",
      "dev": true,
      "license": "MIT",
      "peerDependencies": {
        "acorn": "^8.9.0"
      }
    },
    "node_modules/@sveltejs/package": {
      "version": "2.5.7",
      "dev": true,
      "license": "MIT",
      "dependencies": {
        "chokidar": "^5.0.0",
        "kleur": "^4.1.5",
        "sade": "^1.8.1",
        "semver": "^7.5.4",
        "svelte2tsx": "~0.7.33"
      },
      "bin": {
        "svelte-package": "svelte-package.js"
      },
      "engines": {
        "node": "^16.14 || >=18"
      },
      "peerDependencies": {
        "svelte": "^3.44.0 || ^4.0.0 || ^5.0.0-next.1"
      }
    },
    "node_modules/@sveltejs/package/node_modules/chokidar": {
      "version": "5.0.0",
      "dev": true,
      "license": "MIT",
      "dependencies": {
        "readdirp": "^5.0.0"
      },
      "engines": {
        "node": ">= 20.19.0"
      },
      "funding": {
        "url": "https://paulmillr.com/funding/"
      }
    },
    "node_modules/@sveltejs/package/node_modules/readdirp": {
      "version": "5.0.0",
      "dev": true,
      "license": "MIT",
      "engines": {
        "node": ">= 20.19.0"
      },
      "funding": {
        "type": "individual",
        "url": "https://paulmillr.com/funding/"
      }
    },
    "node_modules/@sveltejs/vite-plugin-svelte": {
      "version": "6.2.1",
      "dev": true,
      "license": "MIT",
      "peer": true,
      "dependencies": {
        "@sveltejs/vite-plugin-svelte-inspector": "^5.0.0",
        "debug": "^4.4.1",
        "deepmerge": "^4.3.1",
        "magic-string": "^0.30.17",
        "vitefu": "^1.1.1"
      },
      "engines": {
        "node": "^20.19 || ^22.12 || >=24"
      },
      "peerDependencies": {
        "svelte": "^5.0.0",
        "vite": "^6.3.0 || ^7.0.0"
      }
    },
    "node_modules/@sveltejs/vite-plugin-svelte-inspector": {
      "version": "5.0.1",
      "dev": true,
      "license": "MIT",
      "dependencies": {
        "debug": "^4.4.1"
      },
      "engines": {
        "node": "^20.19 || ^22.12 || >=24"
      },
      "peerDependencies": {
        "@sveltejs/vite-plugin-svelte": "^6.0.0-next.0",
        "svelte": "^5.0.0",
        "vite": "^6.3.0 || ^7.0.0"
      }
    },
    "node_modules/@svgdotjs/svg.draggable.js": {
      "version": "3.0.6",
      "dev": true,
      "license": "MIT",
      "peerDependencies": {
        "@svgdotjs/svg.js": "^3.2.4"
      }
    },
    "node_modules/@svgdotjs/svg.filter.js": {
      "version": "3.0.9",
      "dev": true,
      "license": "MIT",
      "dependencies": {
        "@svgdotjs/svg.js": "^3.2.4"
      },
      "engines": {
        "node": ">= 0.8.0"
      }
    },
    "node_modules/@svgdotjs/svg.js": {
      "version": "3.2.5",
      "dev": true,
      "license": "MIT",
      "peer": true,
      "funding": {
        "type": "github",
        "url": "https://github.com/sponsors/Fuzzyma"
      }
    },
    "node_modules/@svgdotjs/svg.resize.js": {
      "version": "2.0.5",
      "dev": true,
      "license": "MIT",
      "engines": {
        "node": ">= 14.18"
      },
      "peerDependencies": {
        "@svgdotjs/svg.js": "^3.2.4",
        "@svgdotjs/svg.select.js": "^4.0.1"
      }
    },
    "node_modules/@svgdotjs/svg.select.js": {
      "version": "4.0.3",
      "dev": true,
      "license": "MIT",
      "peer": true,
      "engines": {
        "node": ">= 14.18"
      },
      "peerDependencies": {
        "@svgdotjs/svg.js": "^3.2.4"
      }
    },
    "node_modules/@types/estree": {
      "version": "1.0.8",
      "dev": true,
      "license": "MIT"
    },
    "node_modules/@types/resolve": {
      "version": "1.20.2",
      "dev": true,
      "license": "MIT"
    },
    "node_modules/@types/trusted-types": {
      "version": "2.0.7",
      "dev": true,
      "license": "MIT"
    },
    "node_modules/@vitest/expect": {
      "version": "2.1.9",
      "dev": true,
      "license": "MIT",
      "dependencies": {
        "@vitest/spy": "2.1.9",
        "@vitest/utils": "2.1.9",
        "chai": "^5.1.2",
        "tinyrainbow": "^1.2.0"
      },
      "funding": {
        "url": "https://opencollective.com/vitest"
      }
    },
    "node_modules/@vitest/pretty-format": {
      "version": "2.1.9",
      "dev": true,
      "license": "MIT",
      "dependencies": {
        "tinyrainbow": "^1.2.0"
      },
      "funding": {
        "url": "https://opencollective.com/vitest"
      }
    },
    "node_modules/@vitest/runner": {
      "version": "2.1.9",
      "dev": true,
      "license": "MIT",
      "dependencies": {
        "@vitest/utils": "2.1.9",
        "pathe": "^1.1.2"
      },
      "funding": {
        "url": "https://opencollective.com/vitest"
      }
    },
    "node_modules/@vitest/snapshot": {
      "version": "2.1.9",
      "dev": true,
      "license": "MIT",
      "dependencies": {
        "@vitest/pretty-format": "2.1.9",
        "magic-string": "^0.30.12",
        "pathe": "^1.1.2"
      },
      "funding": {
        "url": "https://opencollective.com/vitest"
      }
    },
    "node_modules/@vitest/spy": {
      "version": "2.1.9",
      "dev": true,
      "license": "MIT",
      "dependencies": {
        "tinyspy": "^3.0.2"
      },
      "funding": {
        "url": "https://opencollective.com/vitest"
      }
    },
    "node_modules/@vitest/utils": {
      "version": "2.1.9",
      "dev": true,
      "license": "MIT",
      "dependencies": {
        "@vitest/pretty-format": "2.1.9",
        "loupe": "^3.1.2",
        "tinyrainbow": "^1.2.0"
      },
      "funding": {
        "url": "https://opencollective.com/vitest"
      }
    },
    "node_modules/@yr/monotone-cubic-spline": {
      "version": "1.0.3",
      "dev": true,
      "license": "MIT"
    },
    "node_modules/acorn": {
      "version": "8.15.0",
      "dev": true,
      "license": "MIT",
      "peer": true,
      "bin": {
        "acorn": "bin/acorn"
      },
      "engines": {
        "node": ">=0.4.0"
      }
    },
    "node_modules/apexcharts": {
      "version": "5.3.6",
      "dev": true,
      "license": "SEE LICENSE IN LICENSE",
      "dependencies": {
        "@svgdotjs/svg.draggable.js": "^3.0.4",
        "@svgdotjs/svg.filter.js": "^3.0.8",
        "@svgdotjs/svg.js": "^3.2.4",
        "@svgdotjs/svg.resize.js": "^2.0.2",
        "@svgdotjs/svg.select.js": "^4.0.1",
        "@yr/monotone-cubic-spline": "^1.0.3"
      }
    },
    "node_modules/aria-query": {
      "version": "5.3.1",
      "dev": true,
      "license": "Apache-2.0",
      "engines": {
        "node": ">= 0.4"
      }
    },
    "node_modules/assertion-error": {
      "version": "2.0.1",
      "dev": true,
      "license": "MIT",
      "engines": {
        "node": ">=12"
      }
    },
    "node_modules/axobject-query": {
      "version": "4.1.0",
      "dev": true,
      "license": "Apache-2.0",
      "engines": {
        "node": ">= 0.4"
      }
    },
    "node_modules/cac": {
      "version": "6.7.14",
      "dev": true,
      "license": "MIT",
      "engines": {
        "node": ">=8"
      }
    },
    "node_modules/chai": {
      "version": "5.3.3",
      "dev": true,
      "license": "MIT",
      "dependencies": {
        "assertion-error": "^2.0.1",
        "check-error": "^2.1.1",
        "deep-eql": "^5.0.1",
        "loupe": "^3.1.0",
        "pathval": "^2.0.0"
      },
      "engines": {
        "node": ">=18"
      }
    },
    "node_modules/check-error": {
      "version": "2.1.3",
      "dev": true,
      "license": "MIT",
      "engines": {
        "node": ">= 16"
      }
    },
    "node_modules/chokidar": {
      "version": "4.0.3",
      "dev": true,
      "license": "MIT",
      "dependencies": {
        "readdirp": "^4.0.1"
      },
      "engines": {
        "node": ">= 14.16.0"
      },
      "funding": {
        "url": "https://paulmillr.com/funding/"
      }
    },
    "node_modules/clsx": {
      "version": "2.1.1",
      "dev": true,
      "license": "MIT",
      "engines": {
        "node": ">=6"
      }
    },
    "node_modules/date-fns": {
      "version": "4.1.0",
      "dev": true,
      "license": "MIT",
      "funding": {
        "type": "github",
        "url": "https://github.com/sponsors/kossnocorp"
      }
    },
    "node_modules/debug": {
      "version": "4.4.3",
      "dev": true,
      "license": "MIT",
      "dependencies": {
        "ms": "^2.1.3"
      },
      "engines": {
        "node": ">=6.0"
      },
      "peerDependenciesMeta": {
        "supports-color": {
          "optional": true
        }
      }
    },
    "node_modules/dedent-js": {
      "version": "1.0.1",
      "dev": true,
      "license": "MIT"
    },
    "node_modules/deep-eql": {
      "version": "5.0.2",
      "dev": true,
      "license": "MIT",
      "engines": {
        "node": ">=6"
      }
    },
    "node_modules/deepmerge": {
      "version": "4.3.1",
      "dev": true,
      "license": "MIT",
      "engines": {
        "node": ">=0.10.0"
      }
    },
    "node_modules/devalue": {
      "version": "5.7.1",
      "dev": true,
      "license": "MIT"
    },
    "node_modules/es-module-lexer": {
      "version": "1.7.0",
      "dev": true,
      "license": "MIT"
    },
    "node_modules/esbuild": {
      "version": "0.27.1",
      "dev": true,
      "hasInstallScript": true,
      "license": "MIT",
      "bin": {
        "esbuild": "bin/esbuild"
      },
      "engines": {
        "node": ">=18"
      },
      "optionalDependencies": {
        "@esbuild/aix-ppc64": "0.27.1",
        "@esbuild/android-arm": "0.27.1",
        "@esbuild/android-arm64": "0.27.1",
        "@esbuild/android-x64": "0.27.1",
        "@esbuild/darwin-arm64": "0.27.1",
        "@esbuild/darwin-x64": "0.27.1",
        "@esbuild/freebsd-arm64": "0.27.1",
        "@esbuild/freebsd-x64": "0.27.1",
        "@esbuild/linux-arm": "0.27.1",
        "@esbuild/linux-arm64": "0.27.1",
        "@esbuild/linux-ia32": "0.27.1",
        "@esbuild/linux-loong64": "0.27.1",
        "@esbuild/linux-mips64el": "0.27.1",
        "@esbuild/linux-ppc64": "0.27.1",
        "@esbuild/linux-riscv64": "0.27.1",
        "@esbuild/linux-s390x": "0.27.1",
        "@esbuild/linux-x64": "0.27.1",
        "@esbuild/netbsd-arm64": "0.27.1",
        "@esbuild/netbsd-x64": "0.27.1",
        "@esbuild/openbsd-arm64": "0.27.1",
        "@esbuild/openbsd-x64": "0.27.1",
        "@esbuild/openharmony-arm64": "0.27.1",
        "@esbuild/sunos-x64": "0.27.1",
        "@esbuild/win32-arm64": "0.27.1",
        "@esbuild/win32-ia32": "0.27.1",
        "@esbuild/win32-x64": "0.27.1"
      }
    },
    "node_modules/esm-env": {
      "version": "1.2.2",
      "dev": true,
      "license": "MIT"
    },
    "node_modules/esrap": {
      "version": "2.2.5",
      "dev": true,
      "license": "MIT",
      "dependencies": {
        "@jridgewell/sourcemap-codec": "^1.4.15"
      },
      "peerDependencies": {
        "@typescript-eslint/types": "^8.2.0"
      },
      "peerDependenciesMeta": {
        "@typescript-eslint/types": {
          "optional": true
        }
      }
    },
    "node_modules/estree-walker": {
      "version": "2.0.2",
      "dev": true,
      "license": "MIT"
    },
    "node_modules/expect-type": {
      "version": "1.3.0",
      "dev": true,
      "license": "Apache-2.0",
      "engines": {
        "node": ">=12.0.0"
      }
    },
    "node_modules/fdir": {
      "version": "6.5.0",
      "dev": true,
      "license": "MIT",
      "engines": {
        "node": ">=12.0.0"
      },
      "peerDependencies": {
        "picomatch": "^3 || ^4"
      },
      "peerDependenciesMeta": {
        "picomatch": {
          "optional": true
        }
      }
    },
    "node_modules/flowbite": {
      "version": "3.1.2",
      "dev": true,
      "license": "MIT",
      "dependencies": {
        "@popperjs/core": "^2.9.3",
        "flowbite-datepicker": "^1.3.1",
        "mini-svg-data-uri": "^1.4.3",
        "postcss": "^8.5.1"
      }
    },
    "node_modules/flowbite-datepicker": {
      "version": "1.3.2",
      "dev": true,
      "license": "MIT",
      "dependencies": {
        "@rollup/plugin-node-resolve": "^15.2.3",
        "flowbite": "^2.0.0"
      }
    },
    "node_modules/flowbite-datepicker/node_modules/flowbite": {
      "version": "2.5.2",
      "dev": true,
      "license": "MIT",
      "dependencies": {
        "@popperjs/core": "^2.9.3",
        "flowbite-datepicker": "^1.3.0",
        "mini-svg-data-uri": "^1.4.3"
      }
    },
    "node_modules/flowbite-svelte": {
      "version": "1.30.1",
      "dev": true,
      "license": "MIT",
      "dependencies": {
        "@floating-ui/dom": "^1.7.4",
        "@floating-ui/utils": "^0.2.10",
        "apexcharts": "^5.3.6",
        "clsx": "^2.1.1",
        "date-fns": "^4.1.0",
        "esm-env": "^1.2.2",
        "flowbite": "^3.1.2",
        "tailwind-merge": "^3.4.0",
        "tailwind-variants": "^3.2.2"
      },
      "peerDependencies": {
        "svelte": "^5.40.0",
        "tailwindcss": "^4.1.4"
      }
    },
    "node_modules/fsevents": {
      "version": "2.3.3",
      "resolved": "https://registry.npmjs.org/fsevents/-/fsevents-2.3.3.tgz",
      "integrity": "sha512-5xoDfX+fL7faATnagmWPpbFtwh/R77WmMMqqHGS65C3vvB0YHrgF+B1YmZ3441tMj5n63k0212XNoJwzlhffQw==",
      "dev": true,
      "hasInstallScript": true,
      "license": "MIT",
      "optional": true,
      "os": [
        "darwin"
      ],
      "engines": {
        "node": "^8.16.0 || ^10.6.0 || >=11.0.0"
      }
    },
    "node_modules/function-bind": {
      "version": "1.1.2",
      "dev": true,
      "license": "MIT",
      "funding": {
        "url": "https://github.com/sponsors/ljharb"
      }
    },
    "node_modules/hasown": {
      "version": "2.0.2",
      "dev": true,
      "license": "MIT",
      "dependencies": {
        "function-bind": "^1.1.2"
      },
      "engines": {
        "node": ">= 0.4"
      }
    },
    "node_modules/is-core-module": {
      "version": "2.16.1",
      "dev": true,
      "license": "MIT",
      "dependencies": {
        "hasown": "^2.0.2"
      },
      "engines": {
        "node": ">= 0.4"
      },
      "funding": {
        "url": "https://github.com/sponsors/ljharb"
      }
    },
    "node_modules/is-module": {
      "version": "1.0.0",
      "dev": true,
      "license": "MIT"
    },
    "node_modules/is-reference": {
      "version": "3.0.3",
      "dev": true,
      "license": "MIT",
      "dependencies": {
        "@types/estree": "^1.0.6"
      }
    },
    "node_modules/kleur": {
      "version": "4.1.5",
      "dev": true,
      "license": "MIT",
      "engines": {
        "node": ">=6"
      }
    },
    "node_modules/locate-character": {
      "version": "3.0.0",
      "dev": true,
      "license": "MIT"
    },
    "node_modules/loupe": {
      "version": "3.2.1",
      "dev": true,
      "license": "MIT"
    },
    "node_modules/magic-string": {
      "version": "0.30.21",
      "dev": true,
      "license": "MIT",
      "dependencies": {
        "@jridgewell/sourcemap-codec": "^1.5.5"
      }
    },
    "node_modules/mini-svg-data-uri": {
      "version": "1.4.4",
      "dev": true,
      "license": "MIT",
      "bin": {
        "mini-svg-data-uri": "cli.js"
      }
    },
    "node_modules/mri": {
      "version": "1.2.0",
      "dev": true,
      "license": "MIT",
      "engines": {
        "node": ">=4"
      }
    },
    "node_modules/ms": {
      "version": "2.1.3",
      "dev": true,
      "license": "MIT"
    },
    "node_modules/nanoid": {
      "version": "3.3.11",
      "dev": true,
      "funding": [
        {
          "type": "github",
          "url": "https://github.com/sponsors/ai"
        }
      ],
      "license": "MIT",
      "bin": {
        "nanoid": "bin/nanoid.cjs"
      },
      "engines": {
        "node": "^10 || ^12 || ^13.7 || ^14 || >=15.0.1"
      }
    },
    "node_modules/path-parse": {
      "version": "1.0.7",
      "dev": true,
      "license": "MIT"
    },
    "node_modules/pathe": {
      "version": "1.1.2",
      "dev": true,
      "license": "MIT"
    },
    "node_modules/pathval": {
      "version": "2.0.1",
      "dev": true,
      "license": "MIT",
      "engines": {
        "node": ">= 14.16"
      }
    },
    "node_modules/picocolors": {
      "version": "1.1.1",
      "dev": true,
      "license": "ISC"
    },
    "node_modules/picomatch": {
      "version": "4.0.4",
      "dev": true,
      "license": "MIT",
      "engines": {
        "node": ">=12"
      },
      "funding": {
        "url": "https://github.com/sponsors/jonschlinkert"
      }
    },
    "node_modules/postcss": {
      "version": "8.5.6",
      "dev": true,
      "funding": [
        {
          "type": "opencollective",
          "url": "https://opencollective.com/postcss/"
        },
        {
          "type": "tidelift",
          "url": "https://tidelift.com/funding/github/npm/postcss"
        },
        {
          "type": "github",
          "url": "https://github.com/sponsors/ai"
        }
      ],
      "license": "MIT",
      "dependencies": {
        "nanoid": "^3.3.11",
        "picocolors": "^1.1.1",
        "source-map-js": "^1.2.1"
      },
      "engines": {
        "node": "^10 || ^12 || >=14"
      }
    },
    "node_modules/prettier": {
      "version": "3.7.4",
      "dev": true,
      "license": "MIT",
      "peer": true,
      "bin": {
        "prettier": "bin/prettier.cjs"
      },
      "engines": {
        "node": ">=14"
      },
      "funding": {
        "url": "https://github.com/prettier/prettier?sponsor=1"
      }
    },
    "node_modules/prettier-plugin-svelte": {
      "version": "3.4.1",
      "dev": true,
      "license": "MIT",
      "peerDependencies": {
        "prettier": "^3.0.0",
        "svelte": "^3.2.0 || ^4.0.0-next.0 || ^5.0.0-next.0"
      }
    },
    "node_modules/readdirp": {
      "version": "4.1.2",
      "dev": true,
      "license": "MIT",
      "engines": {
        "node": ">= 14.18.0"
      },
      "funding": {
        "type": "individual",
        "url": "https://paulmillr.com/funding/"
      }
    },
    "node_modules/resolve": {
      "version": "1.22.11",
      "dev": true,
      "license": "MIT",
      "dependencies": {
        "is-core-module": "^2.16.1",
        "path-parse": "^1.0.7",
        "supports-preserve-symlinks-flag": "^1.0.0"
      },
      "bin": {
        "resolve": "bin/resolve"
      },
      "engines": {
        "node": ">= 0.4"
      },
      "funding": {
        "url": "https://github.com/sponsors/ljharb"
      }
    },
    "node_modules/rollup": {
      "version": "4.60.2",
      "dev": true,
      "license": "MIT",
      "peer": true,
      "dependencies": {
        "@types/estree": "1.0.8"
      },
      "bin": {
        "rollup": "dist/bin/rollup"
      },
      "engines": {
        "node": ">=18.0.0",
        "npm": ">=8.0.0"
      },
      "optionalDependencies": {
        "@rollup/rollup-android-arm-eabi": "4.60.2",
        "@rollup/rollup-android-arm64": "4.60.2",
        "@rollup/rollup-darwin-arm64": "4.60.2",
        "@rollup/rollup-darwin-x64": "4.60.2",
        "@rollup/rollup-freebsd-arm64": "4.60.2",
        "@rollup/rollup-freebsd-x64": "4.60.2",
        "@rollup/rollup-linux-arm-gnueabihf": "4.60.2",
        "@rollup/rollup-linux-arm-musleabihf": "4.60.2",
        "@rollup/rollup-linux-arm64-gnu": "4.60.2",
        "@rollup/rollup-linux-arm64-musl": "4.60.2",
        "@rollup/rollup-linux-loong64-gnu": "4.60.2",
        "@rollup/rollup-linux-loong64-musl": "4.60.2",
        "@rollup/rollup-linux-ppc64-gnu": "4.60.2",
        "@rollup/rollup-linux-ppc64-musl": "4.60.2",
        "@rollup/rollup-linux-riscv64-gnu": "4.60.2",
        "@rollup/rollup-linux-riscv64-musl": "4.60.2",
        "@rollup/rollup-linux-s390x-gnu": "4.60.2",
        "@rollup/rollup-linux-x64-gnu": "4.60.2",
        "@rollup/rollup-linux-x64-musl": "4.60.2",
        "@rollup/rollup-openbsd-x64": "4.60.2",
        "@rollup/rollup-openharmony-arm64": "4.60.2",
        "@rollup/rollup-win32-arm64-msvc": "4.60.2",
        "@rollup/rollup-win32-ia32-msvc": "4.60.2",
        "@rollup/rollup-win32-x64-gnu": "4.60.2",
        "@rollup/rollup-win32-x64-msvc": "4.60.2",
        "fsevents": "~2.3.2"
      }
    },
    "node_modules/sade": {
      "version": "1.8.1",
      "dev": true,
      "license": "MIT",
      "dependencies": {
        "mri": "^1.1.0"
      },
      "engines": {
        "node": ">=6"
      }
    },
    "node_modules/scule": {
      "version": "1.3.0",
      "dev": true,
      "license": "MIT"
    },
    "node_modules/semver": {
      "version": "7.7.4",
      "dev": true,
      "license": "ISC",
      "bin": {
        "semver": "bin/semver.js"
      },
      "engines": {
        "node": ">=10"
      }
    },
    "node_modules/siginfo": {
      "version": "2.0.0",
      "dev": true,
      "license": "ISC"
    },
    "node_modules/source-map-js": {
      "version": "1.2.1",
      "dev": true,
      "license": "BSD-3-Clause",
      "engines": {
        "node": ">=0.10.0"
      }
    },
    "node_modules/stackback": {
      "version": "0.0.2",
      "dev": true,
      "license": "MIT"
    },
    "node_modules/std-env": {
      "version": "3.10.0",
      "dev": true,
      "license": "MIT"
    },
    "node_modules/supports-preserve-symlinks-flag": {
      "version": "1.0.0",
      "dev": true,
      "license": "MIT",
      "engines": {
        "node": ">= 0.4"
      },
      "funding": {
        "url": "https://github.com/sponsors/ljharb"
      }
    },
    "node_modules/svelte": {
      "version": "5.55.4",
      "dev": true,
      "license": "MIT",
      "peer": true,
      "dependencies": {
        "@jridgewell/remapping": "^2.3.4",
        "@jridgewell/sourcemap-codec": "^1.5.0",
        "@sveltejs/acorn-typescript": "^1.0.5",
        "@types/estree": "^1.0.5",
        "@types/trusted-types": "^2.0.7",
        "acorn": "^8.12.1",
        "aria-query": "5.3.1",
        "axobject-query": "^4.1.0",
        "clsx": "^2.1.1",
        "devalue": "^5.6.4",
        "esm-env": "^1.2.1",
        "esrap": "^2.2.4",
        "is-reference": "^3.0.3",
        "locate-character": "^3.0.0",
        "magic-string": "^0.30.11",
        "zimmerframe": "^1.1.2"
      },
      "engines": {
        "node": ">=18"
      }
    },
    "node_modules/svelte-check": {
      "version": "4.3.4",
      "dev": true,
      "license": "MIT",
      "dependencies": {
        "@jridgewell/trace-mapping": "^0.3.25",
        "chokidar": "^4.0.1",
        "fdir": "^6.2.0",
        "picocolors": "^1.0.0",
        "sade": "^1.7.4"
      },
      "bin": {
        "svelte-check": "bin/svelte-check"
      },
      "engines": {
        "node": ">= 18.0.0"
      },
      "peerDependencies": {
        "svelte": "^4.0.0 || ^5.0.0-next.0",
        "typescript": ">=5.0.0"
      }
    },
    "node_modules/svelte-virtuallists": {
      "version": "1.4.2",
      "dev": true,
      "license": "MIT",
      "dependencies": {
        "@eslint/js": "^9.21.0"
      },
      "peerDependencies": {
        "svelte": "^5.20.5"
      }
    },
    "node_modules/svelte2tsx": {
      "version": "0.7.53",
      "dev": true,
      "license": "MIT",
      "dependencies": {
        "dedent-js": "^1.0.1",
        "scule": "^1.3.0"
      },
      "peerDependencies": {
        "svelte": "^3.55 || ^4.0.0-next.0 || ^4.0 || ^5.0.0-next.0",
        "typescript": "^4.9.4 || ^5.0.0"
      }
    },
    "node_modules/tailwind-merge": {
      "version": "3.4.0",
      "dev": true,
      "license": "MIT",
      "peer": true,
      "funding": {
        "type": "github",
        "url": "https://github.com/sponsors/dcastil"
      }
    },
    "node_modules/tailwind-variants": {
      "version": "3.2.2",
      "dev": true,
      "license": "MIT",
      "engines": {
        "node": ">=16.x",
        "pnpm": ">=7.x"
      },
      "peerDependencies": {
        "tailwind-merge": ">=3.0.0",
        "tailwindcss": "*"
      },
      "peerDependenciesMeta": {
        "tailwind-merge": {
          "optional": true
        }
      }
    },
    "node_modules/tailwindcss": {
      "version": "4.1.18",
      "license": "MIT",
      "peer": true
    },
    "node_modules/tinybench": {
      "version": "2.9.0",
      "dev": true,
      "license": "MIT"
    },
    "node_modules/tinyexec": {
      "version": "0.3.2",
      "dev": true,
      "license": "MIT"
    },
    "node_modules/tinyglobby": {
      "version": "0.2.15",
      "dev": true,
      "license": "MIT",
      "dependencies": {
        "fdir": "^6.5.0",
        "picomatch": "^4.0.3"
      },
      "engines": {
        "node": ">=12.0.0"
      },
      "funding": {
        "url": "https://github.com/sponsors/SuperchupuDev"
      }
    },
    "node_modules/tinypool": {
      "version": "1.1.1",
      "dev": true,
      "license": "MIT",
      "engines": {
        "node": "^18.0.0 || >=20.0.0"
      }
    },
    "node_modules/tinyrainbow": {
      "version": "1.2.0",
      "dev": true,
      "license": "MIT",
      "engines": {
        "node": ">=14.0.0"
      }
    },
    "node_modules/tinyspy": {
      "version": "3.0.2",
      "dev": true,
      "license": "MIT",
      "engines": {
        "node": ">=14.0.0"
      }
    },
    "node_modules/typescript": {
      "version": "5.9.3",
      "dev": true,
      "license": "Apache-2.0",
      "peer": true,
      "bin": {
        "tsc": "bin/tsc",
        "tsserver": "bin/tsserver"
      },
      "engines": {
        "node": ">=14.17"
      }
    },
    "node_modules/vite": {
      "version": "7.3.2",
      "dev": true,
      "license": "MIT",
      "peer": true,
      "dependencies": {
        "esbuild": "^0.27.0",
        "fdir": "^6.5.0",
        "picomatch": "^4.0.3",
        "postcss": "^8.5.6",
        "rollup": "^4.43.0",
        "tinyglobby": "^0.2.15"
      },
      "bin": {
        "vite": "bin/vite.js"
      },
      "engines": {
        "node": "^20.19.0 || >=22.12.0"
      },
      "funding": {
        "url": "https://github.com/vitejs/vite?sponsor=1"
      },
      "optionalDependencies": {
        "fsevents": "~2.3.3"
      },
      "peerDependencies": {
        "@types/node": "^20.19.0 || >=22.12.0",
        "jiti": ">=1.21.0",
        "less": "^4.0.0",
        "lightningcss": "^1.21.0",
        "sass": "^1.70.0",
        "sass-embedded": "^1.70.0",
        "stylus": ">=0.54.8",
        "sugarss": "^5.0.0",
        "terser": "^5.16.0",
        "tsx": "^4.8.1",
        "yaml": "^2.4.2"
      },
      "peerDependenciesMeta": {
        "@types/node": {
          "optional": true
        },
        "jiti": {
          "optional": true
        },
        "less": {
          "optional": true
        },
        "lightningcss": {
          "optional": true
        },
        "sass": {
          "optional": true
        },
        "sass-embedded": {
          "optional": true
        },
        "stylus": {
          "optional": true
        },
        "sugarss": {
          "optional": true
        },
        "terser": {
          "optional": true
        },
        "tsx": {
          "optional": true
        },
        "yaml": {
          "optional": true
        }
      }
    },
    "node_modules/vite-node": {
      "version": "2.1.9",
      "dev": true,
      "license": "MIT",
      "dependencies": {
        "cac": "^6.7.14",
        "debug": "^4.3.7",
        "es-module-lexer": "^1.5.4",
        "pathe": "^1.1.2",
        "vite": "^5.0.0"
      },
      "bin": {
        "vite-node": "vite-node.mjs"
      },
      "engines": {
        "node": "^18.0.0 || >=20.0.0"
      },
      "funding": {
        "url": "https://opencollective.com/vitest"
      }
    },
    "node_modules/vite-node/node_modules/@esbuild/linux-x64": {
      "version": "0.21.5",
      "cpu": [
        "x64"
      ],
      "dev": true,
      "license": "MIT",
      "optional": true,
      "os": [
        "linux"
      ],
      "engines": {
        "node": ">=12"
      }
    },
    "node_modules/vite-node/node_modules/esbuild": {
      "version": "0.21.5",
      "dev": true,
      "hasInstallScript": true,
      "license": "MIT",
      "bin": {
        "esbuild": "bin/esbuild"
      },
      "engines": {
        "node": ">=12"
      },
      "optionalDependencies": {
        "@esbuild/aix-ppc64": "0.21.5",
        "@esbuild/android-arm": "0.21.5",
        "@esbuild/android-arm64": "0.21.5",
        "@esbuild/android-x64": "0.21.5",
        "@esbuild/darwin-arm64": "0.21.5",
        "@esbuild/darwin-x64": "0.21.5",
        "@esbuild/freebsd-arm64": "0.21.5",
        "@esbuild/freebsd-x64": "0.21.5",
        "@esbuild/linux-arm": "0.21.5",
        "@esbuild/linux-arm64": "0.21.5",
        "@esbuild/linux-ia32": "0.21.5",
        "@esbuild/linux-loong64": "0.21.5",
        "@esbuild/linux-mips64el": "0.21.5",
        "@esbuild/linux-ppc64": "0.21.5",
        "@esbuild/linux-riscv64": "0.21.5",
        "@esbuild/linux-s390x": "0.21.5",
        "@esbuild/linux-x64": "0.21.5",
        "@esbuild/netbsd-x64": "0.21.5",
        "@esbuild/openbsd-x64": "0.21.5",
        "@esbuild/sunos-x64": "0.21.5",
        "@esbuild/win32-arm64": "0.21.5",
        "@esbuild/win32-ia32": "0.21.5",
        "@esbuild/win32-x64": "0.21.5"
      }
    },
    "node_modules/vite-node/node_modules/vite": {
      "version": "5.4.21",
      "dev": true,
      "license": "MIT",
      "dependencies": {
        "esbuild": "^0.21.3",
        "postcss": "^8.4.43",
        "rollup": "^4.20.0"
      },
      "bin": {
        "vite": "bin/vite.js"
      },
      "engines": {
        "node": "^18.0.0 || >=20.0.0"
      },
      "funding": {
        "url": "https://github.com/vitejs/vite?sponsor=1"
      },
      "optionalDependencies": {
        "fsevents": "~2.3.3"
      },
      "peerDependencies": {
        "@types/node": "^18.0.0 || >=20.0.0",
        "less": "*",
        "lightningcss": "^1.21.0",
        "sass": "*",
        "sass-embedded": "*",
        "stylus": "*",
        "sugarss": "*",
        "terser": "^5.4.0"
      },
      "peerDependenciesMeta": {
        "@types/node": {
          "optional": true
        },
        "less": {
          "optional": true
        },
        "lightningcss": {
          "optional": true
        },
        "sass": {
          "optional": true
        },
        "sass-embedded": {
          "optional": true
        },
        "stylus": {
          "optional": true
        },
        "sugarss": {
          "optional": true
        },
        "terser": {
          "optional": true
        }
      }
    },
    "node_modules/vitefu": {
      "version": "1.1.1",
      "dev": true,
      "license": "MIT",
      "workspaces": [
        "tests/deps/*",
        "tests/projects/*",
        "tests/projects/workspace/packages/*"
      ],
      "peerDependencies": {
        "vite": "^3.0.0 || ^4.0.0 || ^5.0.0 || ^6.0.0 || ^7.0.0-beta.0"
      },
      "peerDependenciesMeta": {
        "vite": {
          "optional": true
        }
      }
    },
    "node_modules/vitest": {
      "version": "2.1.9",
      "dev": true,
      "license": "MIT",
      "dependencies": {
        "@vitest/expect": "2.1.9",
        "@vitest/mocker": "2.1.9",
        "@vitest/pretty-format": "^2.1.9",
        "@vitest/runner": "2.1.9",
        "@vitest/snapshot": "2.1.9",
        "@vitest/spy": "2.1.9",
        "@vitest/utils": "2.1.9",
        "chai": "^5.1.2",
        "debug": "^4.3.7",
        "expect-type": "^1.1.0",
        "magic-string": "^0.30.12",
        "pathe": "^1.1.2",
        "std-env": "^3.8.0",
        "tinybench": "^2.9.0",
        "tinyexec": "^0.3.1",
        "tinypool": "^1.0.1",
        "tinyrainbow": "^1.2.0",
        "vite": "^5.0.0",
        "vite-node": "2.1.9",
        "why-is-node-running": "^2.3.0"
      },
      "bin": {
        "vitest": "vitest.mjs"
      },
      "engines": {
        "node": "^18.0.0 || >=20.0.0"
      },
      "funding": {
        "url": "https://opencollective.com/vitest"
      },
      "peerDependencies": {
        "@edge-runtime/vm": "*",
        "@types/node": "^18.0.0 || >=20.0.0",
        "@vitest/browser": "2.1.9",
        "@vitest/ui": "2.1.9",
        "happy-dom": "*",
        "jsdom": "*"
      },
      "peerDependenciesMeta": {
        "@edge-runtime/vm": {
          "optional": true
        },
        "@types/node": {
          "optional": true
        },
        "@vitest/browser": {
          "optional": true
        },
        "@vitest/ui": {
          "optional": true
        },
        "happy-dom": {
          "optional": true
        },
        "jsdom": {
          "optional": true
        }
      }
    },
    "node_modules/vitest/node_modules/@esbuild/linux-x64": {
      "version": "0.21.5",
      "cpu": [
        "x64"
      ],
      "dev": true,
      "license": "MIT",
      "optional": true,
      "os": [
        "linux"
      ],
      "engines": {
        "node": ">=12"
      }
    },
    "node_modules/vitest/node_modules/@vitest/mocker": {
      "version": "2.1.9",
      "dev": true,
      "license": "MIT",
      "dependencies": {
        "@vitest/spy": "2.1.9",
        "estree-walker": "^3.0.3",
        "magic-string": "^0.30.12"
      },
      "funding": {
        "url": "https://opencollective.com/vitest"
      },
      "peerDependencies": {
        "msw": "^2.4.9",
        "vite": "^5.0.0"
      },
      "peerDependenciesMeta": {
        "msw": {
          "optional": true
        },
        "vite": {
          "optional": true
        }
      }
    },
    "node_modules/vitest/node_modules/esbuild": {
      "version": "0.21.5",
      "dev": true,
      "hasInstallScript": true,
      "license": "MIT",
      "bin": {
        "esbuild": "bin/esbuild"
      },
      "engines": {
        "node": ">=12"
      },
      "optionalDependencies": {
        "@esbuild/aix-ppc64": "0.21.5",
        "@esbuild/android-arm": "0.21.5",
        "@esbuild/android-arm64": "0.21.5",
        "@esbuild/android-x64": "0.21.5",
        "@esbuild/darwin-arm64": "0.21.5",
        "@esbuild/darwin-x64": "0.21.5",
        "@esbuild/freebsd-arm64": "0.21.5",
        "@esbuild/freebsd-x64": "0.21.5",
        "@esbuild/linux-arm": "0.21.5",
        "@esbuild/linux-arm64": "0.21.5",
        "@esbuild/linux-ia32": "0.21.5",
        "@esbuild/linux-loong64": "0.21.5",
        "@esbuild/linux-mips64el": "0.21.5",
        "@esbuild/linux-ppc64": "0.21.5",
        "@esbuild/linux-riscv64": "0.21.5",
        "@esbuild/linux-s390x": "0.21.5",
        "@esbuild/linux-x64": "0.21.5",
        "@esbuild/netbsd-x64": "0.21.5",
        "@esbuild/openbsd-x64": "0.21.5",
        "@esbuild/sunos-x64": "0.21.5",
        "@esbuild/win32-arm64": "0.21.5",
        "@esbuild/win32-ia32": "0.21.5",
        "@esbuild/win32-x64": "0.21.5"
      }
    },
    "node_modules/vitest/node_modules/estree-walker": {
      "version": "3.0.3",
      "dev": true,
      "license": "MIT",
      "dependencies": {
        "@types/estree": "^1.0.0"
      }
    },
    "node_modules/vitest/node_modules/vite": {
      "version": "5.4.21",
      "dev": true,
      "license": "MIT",
      "peer": true,
      "dependencies": {
        "esbuild": "^0.21.3",
        "postcss": "^8.4.43",
        "rollup": "^4.20.0"
      },
      "bin": {
        "vite": "bin/vite.js"
      },
      "engines": {
        "node": "^18.0.0 || >=20.0.0"
      },
      "funding": {
        "url": "https://github.com/vitejs/vite?sponsor=1"
      },
      "optionalDependencies": {
        "fsevents": "~2.3.3"
      },
      "peerDependencies": {
        "@types/node": "^18.0.0 || >=20.0.0",
        "less": "*",
        "lightningcss": "^1.21.0",
        "sass": "*",
        "sass-embedded": "*",
        "stylus": "*",
        "sugarss": "*",
        "terser": "^5.4.0"
      },
      "peerDependenciesMeta": {
        "@types/node": {
          "optional": true
        },
        "less": {
          "optional": true
        },
        "lightningcss": {
          "optional": true
        },
        "sass": {
          "optional": true
        },
        "sass-embedded": {
          "optional": true
        },
        "stylus": {
          "optional": true
        },
        "sugarss": {
          "optional": true
        },
        "terser": {
          "optional": true
        }
      }
    },
    "node_modules/why-is-node-running": {
      "version": "2.3.0",
      "dev": true,
      "license": "MIT",
      "dependencies": {
        "siginfo": "^2.0.0",
        "stackback": "0.0.2"
      },
      "bin": {
        "why-is-node-running": "cli.js"
      },
      "engines": {
        "node": ">=8"
      }
    },
    "node_modules/zimmerframe": {
      "version": "1.1.4",
      "dev": true,
      "license": "MIT"
    }
  }
}
